
Microsoft Visual Studio Solution File, Format Version 12.00
# Visual Studio Version 17
VisualStudioVersion = 17.14.36121.58 d17.14
MinimumVisualStudioVersion = 10.0.40219.1
Project("{FAE04EC0-301F-11D3-BF4B-00C04F79EFBC}") = "AdoNetHelper", "AdoNetHelper\AdoNetHelper.csproj", "{C7B28CC1-970E-48F7-8A0B-28510C4EAD7A}"
EndProject
Project("{FAE04EC0-301F-11D3-BF4B-00C04F79EFBC}") = "AdoNetHelper.Core", "AdoNetHelper.Core\AdoNetHelper.Core.csproj", "{0592B9C0-3BC3-424A-B17F-E7E80F6D6D56}"
EndProject
Global
	GlobalSection(SolutionConfigurationPlatforms) = preSolution
		Debug|Any CPU = Debug|Any CPU
		Release|Any CPU = Release|Any CPU
	EndGlobalSection
	GlobalSection(ProjectConfigurationPlatforms) = postSolution
		{C7B28CC1-970E-48F7-8A0B-28510C4EAD7A}.Debug|Any CPU.ActiveCfg = Debug|Any CPU
		{C7B28CC1-970E-48F7-8A0B-28510C4EAD7A}.Debug|Any CPU.Build.0 = Debug|Any CPU
		{C7B28CC1-970E-48F7-8A0B-28510C4EAD7A}.Release|Any CPU.ActiveCfg = Release|Any CPU
		{C7B28CC1-970E-48F7-8A0B-28510C4EAD7A}.Release|Any CPU.Build.0 = Release|Any CPU
		{0592B9C0-3BC3-424A-B17F-E7E80F6D6D56}.Debug|Any CPU.ActiveCfg = Debug|Any CPU
		{0592B9C0-3BC3-424A-B17F-E7E80F6D6D56}.Debug|Any CPU.Build.0 = Debug|Any CPU
		{0592B9C0-3BC3-424A-B17F-E7E80F6D6D56}.Release|Any CPU.ActiveCfg = Release|Any CPU
		{0592B9C0-3BC3-424A-B17F-E7E80F6D6D56}.Release|Any CPU.Build.0 = Release|Any CPU
	EndGlobalSection
	GlobalSection(SolutionProperties) = preSolution
		HideSolutionNode = FALSE
	EndGlobalSection
	GlobalSection(ExtensibilityGlobals) = postSolution
		SolutionGuid = {E1926163-0D80-4A39-95AF-FE89EA2ED13F}
	EndGlobalSection
EndGlobal
